
Microsoft Visual Studio Solution File, Format Version 12.00
# Visual Studio 2012
Project("{FAE04EC0-301F-11D3-BF4B-00C04F79EFBC}") = "LexicalAnalyzer", "LexicalAnalyzer\LexicalAnalyzer.csproj", "{973C017E-45B6-4DBC-951C-38E4C873BB3C}"
EndProject
Project("{FAE04EC0-301F-11D3-BF4B-00C04F79EFBC}") = "Analysis", "Analysis\Analysis.csproj", "{90D3E926-8465-40A2-B32C-209814649BD7}"
EndProject
Global
	GlobalSection(SolutionConfigurationPlatforms) = preSolution
		Debug|Any CPU = Debug|Any CPU
		Release|Any CPU = Release|Any CPU
	EndGlobalSection
	GlobalSection(ProjectConfigurationPlatforms) = postSolution
		{973C017E-45B6-4DBC-951C-38E4C873BB3C}.Debug|Any CPU.ActiveCfg = Debug|Any CPU
		{973C017E-45B6-4DBC-951C-38E4C873BB3C}.Debug|Any CPU.Build.0 = Debug|Any CPU
		{973C017E-45B6-4DBC-951C-38E4C873BB3C}.Release|Any CPU.ActiveCfg = Release|Any CPU
		{973C017E-45B6-4DBC-951C-38E4C873BB3C}.Release|Any CPU.Build.0 = Release|Any CPU
		{90D3E926-8465-40A2-B32C-209814649BD7}.Debug|Any CPU.ActiveCfg = Debug|Any CPU
		{90D3E926-8465-40A2-B32C-209814649BD7}.Debug|Any CPU.Build.0 = Debug|Any CPU
		{90D3E926-8465-40A2-B32C-209814649BD7}.Release|Any CPU.ActiveCfg = Release|Any CPU
		{90D3E926-8465-40A2-B32C-209814649BD7}.Release|Any CPU.Build.0 = Release|Any CPU
	EndGlobalSection
	GlobalSection(SolutionProperties) = preSolution
		HideSolutionNode = FALSE
	EndGlobalSection
EndGlobal
